// !$*UTF8*$!
{
	archiveVersion = 1;
	classes = {
	};
	objectVersion = 46;
	objects = {

/* Begin PBXBuildFile section */
		648C5D2F1D216F210020CD3A /* AlphabetSlider.framework in Frameworks */ = {isa = PBXBuildFile; fileRef = 648C5D2E1D216F210020CD3A /* AlphabetSlider.framework */; };
		648C5D301D216F210020CD3A /* AlphabetSlider.framework in Embed Frameworks */ = {isa = PBXBuildFile; fileRef = 648C5D2E1D216F210020CD3A /* AlphabetSlider.framework */; settings = {ATTRIBUTES = (CodeSignOnCopy, RemoveHeadersOnCopy, ); }; };
		648C5D331D2180EA0020CD3A /* AlphabetHeader.swift in Sources */ = {isa = PBXBuildFile; fileRef = 648C5D321D2180EA0020CD3A /* AlphabetHeader.swift */; };
		64B2BC8B1D1D7E9A00729647 /* AppDelegate.swift in Sources */ = {isa = PBXBuildFile; fileRef = 64B2BC8A1D1D7E9A00729647 /* AppDelegate.swift */; };
		64B2BC8D1D1D7E9A00729647 /* ExampleController.swift in Sources */ = {isa = PBXBuildFile; fileRef = 64B2BC8C1D1D7E9A00729647 /* ExampleController.swift */; };
		64B2BC901D1D7E9A00729647 /* Main.storyboard in Resources */ = {isa = PBXBuildFile; fileRef = 64B2BC8E1D1D7E9A00729647 /* Main.storyboard */; };
		64B2BC921D1D7E9A00729647 /* Assets.xcassets in Resources */ = {isa = PBXBuildFile; fileRef = 64B2BC911D1D7E9A00729647 /* Assets.xcassets */; };
		64B2BC951D1D7E9A00729647 /* LaunchScreen.storyboard in Resources */ = {isa = PBXBuildFile; fileRef = 64B2BC931D1D7E9A00729647 /* LaunchScreen.storyboard */; };
/* End PBXBuildFile section */

/* Begin PBXCopyFilesBuildPhase section */
		648C5D311D216F210020CD3A /* Embed Frameworks */ = {
			isa = PBXCopyFilesBuildPhase;
			buildActionMask = 2147483647;
			dstPath = "";
			dstSubfolderSpec = 10;
			files = (
				648C5D301D216F210020CD3A /* AlphabetSlider.framework in Embed Frameworks */,
			);
			name = "Embed Frameworks";
			runOnlyForDeploymentPostprocessing = 0;
		};
/* End PBXCopyFilesBuildPhase section */

/* Begin PBXFileReference section */
		648C5D2E1D216F210020CD3A /* AlphabetSlider.framework */ = {isa = PBXFileReference; explicitFileType = wrapper.framework; name = AlphabetSlider.framework; path = "/Users/raphael/Library/Developer/Xcode/DerivedData/AlphabetSlider-eedsytkoaigowbbpjusprvaarsed/Build/Products/Debug-iphonesimulator/AlphabetSlider.framework"; sourceTree = "<absolute>"; };
		648C5D321D2180EA0020CD3A /* AlphabetHeader.swift */ = {isa = PBXFileReference; fileEncoding = 4; lastKnownFileType = sourcecode.swift; path = AlphabetHeader.swift; sourceTree = "<group>"; };
		64B2BC871D1D7E9A00729647 /* AlphabetSliderExample.app */ = {isa = PBXFileReference; explicitFileType = wrapper.application; includeInIndex = 0; path = AlphabetSliderExample.app; sourceTree = BUILT_PRODUCTS_DIR; };
		64B2BC8A1D1D7E9A00729647 /* AppDelegate.swift */ = {isa = PBXFileReference; lastKnownFileType = sourcecode.swift; path = AppDelegate.swift; sourceTree = "<group>"; };
		64B2BC8C1D1D7E9A00729647 /* ExampleController.swift */ = {isa = PBXFileReference; lastKnownFileType = sourcecode.swift; path = ExampleController.swift; sourceTree = "<group>"; };
		64B2BC8F1D1D7E9A00729647 /* Base */ = {isa = PBXFileReference; lastKnownFileType = file.storyboard; name = Base; path = Base.lproj/Main.storyboard; sourceTree = "<group>"; };
		64B2BC911D1D7E9A00729647 /* Assets.xcassets */ = {isa = PBXFileReference; lastKnownFileType = folder.assetcatalog; path = Assets.xcassets; sourceTree = "<group>"; };
		64B2BC941D1D7E9A00729647 /* Base */ = {isa = PBXFileReference; lastKnownFileType = file.storyboard; name = Base; path = Base.lproj/LaunchScreen.storyboard; sourceTree = "<group>"; };
		64B2BC961D1D7E9A00729647 /* Info.plist */ = {isa = PBXFileReference; lastKnownFileType = text.plist.xml; path = Info.plist; sourceTree = "<group>"; };
/* End PBXFileReference section */

/* Begin PBXFrameworksBuildPhase section */
		64B2BC841D1D7E9A00729647 /* Frameworks */ = {
			isa = PBXFrameworksBuildPhase;
			buildActionMask = 2147483647;
			files = (
				648C5D2F1D216F210020CD3A /* AlphabetSlider.framework in Frameworks */,
			);
			runOnlyForDeploymentPostprocessing = 0;
		};
/* End PBXFrameworksBuildPhase section */

/* Begin PBXGroup section */
		64B2BC7E1D1D7E9A00729647 = {
			isa = PBXGroup;
			children = (
				648C5D2E1D216F210020CD3A /* AlphabetSlider.framework */,
				64B2BC891D1D7E9A00729647 /* AlphabetSliderExample */,
				64B2BC881D1D7E9A00729647 /* Products */,
			);
			sourceTree = "<group>";
		};
		64B2BC881D1D7E9A00729647 /* Products */ = {
			isa = PBXGroup;
			children = (
				64B2BC871D1D7E9A00729647 /* AlphabetSliderExample.app */,
			);
			name = Products;
			sourceTree = "<group>";
		};
		64B2BC891D1D7E9A00729647 /* AlphabetSliderExample */ = {
			isa = PBXGroup;
			children = (
				64B2BC8E1D1D7E9A00729647 /* Main.storyboard */,
				648C5D321D2180EA0020CD3A /* AlphabetHeader.swift */,
				64B2BC8C1D1D7E9A00729647 /* ExampleController.swift */,
				64B2BC9C1D1D7EA400729647 /* Support */,
			);
			path = AlphabetSliderExample;
			sourceTree = "<group>";
		};
		64B2BC9C1D1D7EA400729647 /* Support */ = {
			isa = PBXGroup;
			children = (
				64B2BC8A1D1D7E9A00729647 /* AppDelegate.swift */,
				64B2BC911D1D7E9A00729647 /* Assets.xcassets */,
				64B2BC961D1D7E9A00729647 /* Info.plist */,
				64B2BC931D1D7E9A00729647 /* LaunchScreen.storyboard */,
			);
			name = Support;
			sourceTree = "<group>";
		};
/* End PBXGroup section */

/* Begin PBXNativeTarget section */
		64B2BC861D1D7E9A00729647 /* AlphabetSliderExample */ = {
			isa = PBXNativeTarget;
			buildConfigurationList = 64B2BC991D1D7E9A00729647 /* Build configuration list for PBXNativeTarget "AlphabetSliderExample" */;
			buildPhases = (
				64B2BC831D1D7E9A00729647 /* Sources */,
				64B2BC841D1D7E9A00729647 /* Frameworks */,
				64B2BC851D1D7E9A00729647 /* Resources */,
				648C5D311D216F210020CD3A /* Embed Frameworks */,
			);
			buildRules = (
			);
			dependencies = (
			);
			name = AlphabetSliderExample;
			productName = AlphabetSliderExample;
			productReference = 64B2BC871D1D7E9A00729647 /* AlphabetSliderExample.app */;
			productType = "com.apple.product-type.application";
		};
/* End PBXNativeTarget section */

/* Begin PBXProject section */
		64B2BC7F1D1D7E9A00729647 /* Project object */ = {
			isa = PBXProject;
			attributes = {
				LastSwiftUpdateCheck = 0730;
				LastUpgradeCheck = 0730;
				ORGANIZATIONNAME = Raphael;
				TargetAttributes = {
					64B2BC861D1D7E9A00729647 = {
						CreatedOnToolsVersion = 7.3.1;
					};
				};
			};
			buildConfigurationList = 64B2BC821D1D7E9A00729647 /* Build configuration list for PBXProject "AlphabetSliderExample" */;
			compatibilityVersion = "Xcode 3.2";
			developmentRegion = English;
			hasScannedForEncodings = 0;
			knownRegions = (
				en,
				Base,
			);
			mainGroup = 64B2BC7E1D1D7E9A00729647;
			productRefGroup = 64B2BC881D1D7E9A00729647 /* Products */;
			projectDirPath = "";
			projectRoot = "";
			targets = (
				64B2BC861D1D7E9A00729647 /* AlphabetSliderExample */,
			);
		};
/* End PBXProject section */

/* Begin PBXResourcesBuildPhase section */
		64B2BC851D1D7E9A00729647 /* Resources */ = {
			isa = PBXResourcesBuildPhase;
			buildActionMask = 2147483647;
			files = (
				64B2BC951D1D7E9A00729647 /* LaunchScreen.storyboard in Resources */,
				64B2BC921D1D7E9A00729647 /* Assets.xcassets in Resources */,
				64B2BC901D1D7E9A00729647 /* Main.storyboard in Resources */,
			);
			runOnlyForDeploymentPostprocessing = 0;
		};
/* End PBXResourcesBuildPhase section */

/* Begin PBXSourcesBuildPhase section */
		64B2BC831D1D7E9A00729647 /* Sources */ = {
			isa = PBXSourcesBuildPhase;
			buildActionMask = 2147483647;
			files = (
				64B2BC8D1D1D7E9A00729647 /* ExampleController.swift in Sources */,
				648C5D331D2180EA0020CD3A /* AlphabetHeader.swift in Sources */,
				64B2BC8B1D1D7E9A00729647 /* AppDelegate.swift in Sources */,
			);
			runOnlyForDeploymentPostprocessing = 0;
		};
/* End PBXSourcesBuildPhase section */

/* Begin PBXVariantGroup section */
		64B2BC8E1D1D7E9A00729647 /* Main.storyboard */ = {
			isa = PBXVariantGroup;
			children = (
				64B2BC8F1D1D7E9A00729647 /* Base */,
			);
			name = Main.storyboard;
			sourceTree = "<group>";
		};
		64B2BC931D1D7E9A00729647 /* LaunchScreen.storyboard */ = {
			isa = PBXVariantGroup;
			children = (
				64B2BC941D1D7E9A00729647 /* Base */,
			);
			name = LaunchScreen.storyboard;
			sourceTree = "<group>";
		};
/* End PBXVariantGroup section */

/* Begin XCBuildConfiguration section */
		64B2BC971D1D7E9A00729647 /* Debug */ = {
			isa = XCBuildConfiguration;
			buildSettings = {
				ALWAYS_SEARCH_USER_PATHS = NO;
				CLANG_ANALYZER_NONNULL = YES;
				CLANG_CXX_LANGUAGE_STANDARD = "gnu++0x";
				CLANG_CXX_LIBRARY = "libc++";
				CLANG_ENABLE_MODULES = YES;
				CLANG_ENABLE_OBJC_ARC = YES;
				CLANG_WARN_BOOL_CONVERSION = YES;
				CLANG_WARN_CONSTANT_CONVERSION = YES;
				CLANG_WARN_DIRECT_OBJC_ISA_USAGE = YES_ERROR;
				CLANG_WARN_EMPTY_BODY = YES;
				CLANG_WARN_ENUM_CONVERSION = YES;
				CLANG_WARN_INT_CONVERSION = YES;
				CLANG_WARN_OBJC_ROOT_CLASS = YES_ERROR;
				CLANG_WARN_UNREACHABLE_CODE = YES;
				CLANG_WARN__DUPLICATE_METHOD_MATCH = YES;
				"CODE_SIGN_IDENTITY[sdk=iphoneos*]" = "iPhone Developer";
				COPY_PHASE_STRIP = NO;
				DEBUG_INFORMATION_FORMAT = dwarf;
				ENABLE_STRICT_OBJC_MSGSEND = YES;
				ENABLE_TESTABILITY = YES;
				GCC_C_LANGUAGE_STANDARD = gnu99;
				GCC_DYNAMIC_NO_PIC = NO;
				GCC_NO_COMMON_BLOCKS = YES;
				GCC_OPTIMIZATION_LEVEL = 0;
				GCC_PREPROCESSOR_DEFINITIONS = (
					"DEBUG=1",
					"$(inherited)",
				);
				GCC_WARN_64_TO_32_BIT_CONVERSION = YES;
				GCC_WARN_ABOUT_RETURN_TYPE = YES_ERROR;
				GCC_WARN_UNDECLARED_SELECTOR = YES;
				GCC_WARN_UNINITIALIZED_AUTOS = YES_AGGRESSIVE;
				GCC_WARN_UNUSED_FUNCTION = YES;
				GCC_WARN_UNUSED_VARIABLE = YES;
				IPHONEOS_DEPLOYMENT_TARGET = 9.3;
				MTL_ENABLE_DEBUG_INFO = YES;
				ONLY_ACTIVE_ARCH = YES;
				SDKROOT = iphoneos;
				SWIFT_OPTIMIZATION_LEVEL = "-Onone";
			};
			name = Debug;
		};
		64B2BC981D1D7E9A00729647 /* Release */ = {
			isa = XCBuildConfiguration;
			buildSettings = {
				ALWAYS_SEARCH_USER_PATHS = NO;
				CLANG_ANALYZER_NONNULL = YES;
				CLANG_CXX_LANGUAGE_STANDARD = "gnu++0x";
				CLANG_CXX_LIBRARY = "libc++";
				CLANG_ENABLE_MODULES = YES;
				CLANG_ENABLE_OBJC_ARC = YES;
				CLANG_WARN_BOOL_CONVERSION = YES;
				CLANG_WARN_CONSTANT_CONVERSION = YES;
				CLANG_WARN_DIRECT_OBJC_ISA_USAGE = YES_ERROR;
				CLANG_WARN_EMPTY_BODY = YES;
				CLANG_WARN_ENUM_CONVERSION = YES;
				CLANG_WARN_INT_CONVERSION = YES;
				CLANG_WARN_OBJC_ROOT_CLASS = YES_ERROR;
				CLANG_WARN_UNREACHABLE_CODE = YES;
				CLANG_WARN__DUPLICATE_METHOD_MATCH = YES;
				"CODE_SIGN_IDENTITY[sdk=iphoneos*]" = "iPhone Developer";
				COPY_PHASE_STRIP = NO;
				DEBUG_INFORMATION_FORMAT = "dwarf-with-dsym";
				ENABLE_NS_ASSERTIONS = NO;
				ENABLE_STRICT_OBJC_MSGSEND = YES;
				GCC_C_LANGUAGE_STANDARD = gnu99;
				GCC_NO_COMMON_BLOCKS = YES;
				GCC_WARN_64_TO_32_BIT_CONVERSION = YES;
				GCC_WARN_ABOUT_RETURN_TYPE = YES_ERROR;
				GCC_WARN_UNDECLARED_SELECTOR = YES;
				GCC_WARN_UNINITIALIZED_AUTOS = YES_AGGRESSIVE;
				GCC_WARN_UNUSED_FUNCTION = YES;
				GCC_WARN_UNUSED_VARIABLE = YES;
				IPHONEOS_DEPLOYMENT_TARGET = 9.3;
				MTL_ENABLE_DEBUG_INFO = NO;
				SDKROOT = iphoneos;
				VALIDATE_PRODUCT = YES;
			};
			name = Release;
		};
		64B2BC9A1D1D7E9A00729647 /* Debug */ = {
			isa = XCBuildConfiguration;
			buildSettings = {
				ASSETCATALOG_COMPILER_APPICON_NAME = AppIcon;
				INFOPLIST_FILE = AlphabetSliderExample/Info.plist;
				LD_RUNPATH_SEARCH_PATHS = "$(inherited) @executable_path/Frameworks";
				PRODUCT_BUNDLE_IDENTIFIER = "Skyleaf-Design.AlphabetSliderExample";
				PRODUCT_NAME = "$(TARGET_NAME)";
			};
			name = Debug;
		};
		64B2BC9B1D1D7E9A00729647 /* Release */ = {
			isa = XCBuildConfiguration;
			buildSettings = {
				ASSETCATALOG_COMPILER_APPICON_NAME = AppIcon;
				INFOPLIST_FILE = AlphabetSliderExample/Info.plist;
				LD_RUNPATH_SEARCH_PATHS = "$(inherited) @executable_path/Frameworks";
				PRODUCT_BUNDLE_IDENTIFIER = "Skyleaf-Design.AlphabetSliderExample";
				PRODUCT_NAME = "$(TARGET_NAME)";
			};
			name = Release;
		};
/* End XCBuildConfiguration section */

/* Begin XCConfigurationList section */
		64B2BC821D1D7E9A00729647 /* Build configuration list for PBXProject "AlphabetSliderExample" */ = {
			isa = XCConfigurationList;
			buildConfigurations = (
				64B2BC971D1D7E9A00729647 /* Debug */,
				64B2BC981D1D7E9A00729647 /* Release */,
			);
			defaultConfigurationIsVisible = 0;
			defaultConfigurationName = Release;
		};
		64B2BC991D1D7E9A00729647 /* Build configuration list for PBXNativeTarget "AlphabetSliderExample" */ = {
			isa = XCConfigurationList;
			buildConfigurations = (
				64B2BC9A1D1D7E9A00729647 /* Debug */,
				64B2BC9B1D1D7E9A00729647 /* Release */,
			);
			defaultConfigurationIsVisible = 0;
			defaultConfigurationName = Release;
		};
/* End XCConfigurationList section */
	};
	rootObject = 64B2BC7F1D1D7E9A00729647 /* Project object */;
}
